
Microsoft Visual Studio Solution File, Format Version 12.00
# Visual Studio Version 17
VisualStudioVersion = 17.14.36301.6 d17.14
MinimumVisualStudioVersion = 10.0.40219.1
Project("{FAE04EC0-301F-11D3-BF4B-00C04F79EFBC}") = "LabTT", "LabTT.csproj", "{1BD61B0C-284C-47FE-9942-CF11769C65D8}"
EndProject
Global
	GlobalSection(SolutionConfigurationPlatforms) = preSolution
		Debug|Any CPU = Debug|Any CPU
		Release|Any CPU = Release|Any CPU
	EndGlobalSection
	GlobalSection(ProjectConfigurationPlatforms) = postSolution
		{1BD61B0C-284C-47FE-9942-CF11769C65D8}.Debug|Any CPU.ActiveCfg = Debug|Any CPU
		{1BD61B0C-284C-47FE-9942-CF11769C65D8}.Debug|Any CPU.Build.0 = Debug|Any CPU
		{1BD61B0C-284C-47FE-9942-CF11769C65D8}.Release|Any CPU.ActiveCfg = Release|Any CPU
		{1BD61B0C-284C-47FE-9942-CF11769C65D8}.Release|Any CPU.Build.0 = Release|Any CPU
	EndGlobalSection
	GlobalSection(SolutionProperties) = preSolution
		HideSolutionNode = FALSE
	EndGlobalSection
	GlobalSection(ExtensibilityGlobals) = postSolution
		SolutionGuid = {7E121382-0EA3-48E3-8A01-C1AB34880B29}
	EndGlobalSection
EndGlobal
